
Microsoft Visual Studio Solution File, Format Version 12.00
# Visual Studio Version 16
VisualStudioVersion = 16.0.29905.134
MinimumVisualStudioVersion = 10.0.40219.1
Project("{9A19103F-16F7-4668-BE54-9A1E7A4F7556}") = "LocalizationSample.API", "src\LocalizationSample.API\LocalizationSample.API.csproj", "{F00BFC0B-0317-4E50-A58B-C042107AD632}"
EndProject
Project("{FAE04EC0-301F-11D3-BF4B-00C04F79EFBC}") = "LocalizationSample.Resources", "src\LocalizationSample.Resources\LocalizationSample.Resources.csproj", "{843727F1-1435-4E8F-90C3-917FDC713852}"
EndProject
Global
	GlobalSection(SolutionConfigurationPlatforms) = preSolution
		Debug|Any CPU = Debug|Any CPU
		Release|Any CPU = Release|Any CPU
	EndGlobalSection
	GlobalSection(ProjectConfigurationPlatforms) = postSolution
		{F00BFC0B-0317-4E50-A58B-C042107AD632}.Debug|Any CPU.ActiveCfg = Debug|Any CPU
		{F00BFC0B-0317-4E50-A58B-C042107AD632}.Debug|Any CPU.Build.0 = Debug|Any CPU
		{F00BFC0B-0317-4E50-A58B-C042107AD632}.Release|Any CPU.ActiveCfg = Release|Any CPU
		{F00BFC0B-0317-4E50-A58B-C042107AD632}.Release|Any CPU.Build.0 = Release|Any CPU
		{843727F1-1435-4E8F-90C3-917FDC713852}.Debug|Any CPU.ActiveCfg = Debug|Any CPU
		{843727F1-1435-4E8F-90C3-917FDC713852}.Debug|Any CPU.Build.0 = Debug|Any CPU
		{843727F1-1435-4E8F-90C3-917FDC713852}.Release|Any CPU.ActiveCfg = Release|Any CPU
		{843727F1-1435-4E8F-90C3-917FDC713852}.Release|Any CPU.Build.0 = Release|Any CPU
	EndGlobalSection
	GlobalSection(SolutionProperties) = preSolution
		HideSolutionNode = FALSE
	EndGlobalSection
	GlobalSection(ExtensibilityGlobals) = postSolution
		SolutionGuid = {92A18196-1A47-4780-91E7-951265C1FDBD}
	EndGlobalSection
EndGlobal
